github.com/Unknwon/com v0.0.0-20181010210213-41959bdd855f h1:m1tYqjD/N0vF/S8s/ZKz/eccUr8RAAcrOK2MhXeTegA=
github.com/Unknwon/com v0.0.0-20181010210213-41959bdd855f/go.mod h1:KYCjqMOeHpNuTOiFQU6WEcTG7poCJrUs0YgyHNtn1no=
github.com/go-macaron/inject v0.0.0-20160627170012-d8a0b8677191 h1:NjHlg70DuOkcAMqgt0+XA+NHwtu66MkTVVgR4fFWbcI=
github.com/go-macaron/inject v0.0.0-20160627170012-d8a0b8677191/go.mod h1:VFI2o2q9kYsC4o7VP1HrEVosiZZTd+MVT3YZx4gqvJw=
github.com/gogo/protobuf v1.2.0 h1:xU6/SpYbvkNYiptHJYEDRseDLvYE7wSqhYYNy0QSUzI=
github.com/gogo/protobuf v1.2.0/go.mod h1:r8qH/GZQm5c6nD/R0oafs1akxWv10x8SbQlK7atdtwQ=
github.com/nats-io/go-nats v1.7.0 h1:oQOfHcLr8hb43QG8yeVyY2jtarIaTjOv41CGdF3tTvQ=
github.com/nats-io/go-nats v1.7.0/go.mod h1:+t7RHT5ApZebkrQdnn6AhQJmhJJiKAvJUio1PiiCtj0=
github.com/nats-io/go-nats-streaming v0.4.0 h1:00wOBnTKzZGvQOFRSxj18kUm4X2TvXzv8LS0skZegPc=
github.com/nats-io/go-nats-streaming v0.4.0/go.mod h1:gfq4R3c9sKAINOpelo0gn/b9QDMBZnmrttcsNF+lqyo=
github.com/nats-io/nkeys v0.0.2 h1:+qM7QpgXnvDDixitZtQUBDY9w/s9mu1ghS+JIbsrx6M=
github.com/nats-io/nkeys v0.0.2/go.mod h1:dab7URMsZm6Z/jp9Z5UGa87Uutgc2mVpXLC4B7TDb/4=
github.com/nats-io/nuid v1.0.0 h1:44QGdhbiANq8ZCbUkdn6W5bqtg+mHuDE4wOUuxxndFs=
github.com/nats-io/nuid v1.0.0/go.mod h1:19wcPz3Ph3q0Jbyiqsd0kePYG7A95tJPxeL+1OSON2c=
golang.org/x/crypto v0.0.0-20181203042331-505ab145d0a9 h1:mKdxBk7AujPs8kU4m80U72y/zjbZ3UcXC7dClwKbUI0=
golang.org/x/crypto v0.0.0-20181203042331-505ab145d0a9/go.mod h1:6SG95UA2DQfeDnfUPMdvaQW0Q7yPrPDi9nlGo2tz2b4=
gopkg.in/ini.v1 v1.41.0 h1:Ka3ViY6gNYSKiVy71zXBEqKplnV35ImDLVG+8uoIklE=
gopkg.in/ini.v1 v1.41.0/go.mod h1:pNLf8WUiyNEtQjuu5G5vTm06TEv9tsIgeAvK8hOrP4k=
gopkg.in/macaron.v1 v1.3.2 h1:AvWIaPmwBUA87/OWzePkoxeaw6YJWDfBt1pDFPBnLf8=
gopkg.in/macaron.v1 v1.3.2/go.mod h1:PrsiawTWAGZs6wFbT5hlr7SQ2Ns9h7cUVtcUu4lQOVo=
